
Microsoft Visual Studio Solution File, Format Version 12.00
# Visual Studio Version 17
VisualStudioVersion = 17.7.34202.233
MinimumVisualStudioVersion = 10.0.40219.1
Project("{FAE04EC0-301F-11D3-BF4B-00C04F79EFBC}") = "CodeWarsLibrary", "CodeWarsLibrary\CodeWarsLibrary.csproj", "{244D9C46-3D78-46DB-8DBC-7193BCAB500C}"
EndProject
Project("{9A19103F-16F7-4668-BE54-9A1E7A4F7556}") = "CodeWarsLibraryTests", "CodeWarsTest\CodeWarsLibraryTests.csproj", "{C2387194-C532-4811-97BC-A31EAF78AFBB}"
EndProject
Global
	GlobalSection(SolutionConfigurationPlatforms) = preSolution
		Debug|Any CPU = Debug|Any CPU
		Release|Any CPU = Release|Any CPU
	EndGlobalSection
	GlobalSection(ProjectConfigurationPlatforms) = postSolution
		{244D9C46-3D78-46DB-8DBC-7193BCAB500C}.Debug|Any CPU.ActiveCfg = Debug|Any CPU
		{244D9C46-3D78-46DB-8DBC-7193BCAB500C}.Debug|Any CPU.Build.0 = Debug|Any CPU
		{244D9C46-3D78-46DB-8DBC-7193BCAB500C}.Release|Any CPU.ActiveCfg = Release|Any CPU
		{244D9C46-3D78-46DB-8DBC-7193BCAB500C}.Release|Any CPU.Build.0 = Release|Any CPU
		{C2387194-C532-4811-97BC-A31EAF78AFBB}.Debug|Any CPU.ActiveCfg = Debug|Any CPU
		{C2387194-C532-4811-97BC-A31EAF78AFBB}.Debug|Any CPU.Build.0 = Debug|Any CPU
		{C2387194-C532-4811-97BC-A31EAF78AFBB}.Release|Any CPU.ActiveCfg = Release|Any CPU
		{C2387194-C532-4811-97BC-A31EAF78AFBB}.Release|Any CPU.Build.0 = Release|Any CPU
	EndGlobalSection
	GlobalSection(SolutionProperties) = preSolution
		HideSolutionNode = FALSE
	EndGlobalSection
	GlobalSection(ExtensibilityGlobals) = postSolution
		SolutionGuid = {9F182CB8-B9D0-48C3-834C-781F67F13429}
	EndGlobalSection
EndGlobal
